github.com/iancoleman/strcase v0.2.0 h1:05I4QRnGpI0m37iZQRuskXh+w77mr6Z41lwQzuHLwW0=
github.com/iancoleman/strcase v0.2.0/go.mod h1:iwCmte+B7n89clKwxIoIXy/HfoL7AsD47ZCWhYzw7ho=
github.com/tallstoat/pbparser v0.2.0 h1:lsFH4mdiOv1MIQVmge/idThSTd2uByNodWVfbtysjzg=
github.com/tallstoat/pbparser v0.2.0/go.mod h1:aUC6W9uQLeAXZkknve8ZDO6InhRYpYHlJ9kvsQh1i2k=
